("quicklisp" .
 (:class qlot/source/dist:source-dist
  :initargs (:distribution "https://beta.quicklisp.org/dist/quicklisp.txt" :%version :latest)
  :version "2025-06-22"))
("uiop" .
 (:class qlot/source/ql:source-ql
  :initargs (:%version :latest)
  :version "ql-2024-10-12"))
("micros" .
 (:class qlot/source/git:source-git
  :initargs (:remote-url "https://github.com/lem-project/micros.git")
  :version "git-7bb942a39682d4c70b772312147287d465dd13c8"))
("lem-mailbox" .
 (:class qlot/source/git:source-git
  :initargs (:remote-url "https://github.com/lem-project/lem-mailbox.git")
  :version "git-12d629541da440fadf771b0225a051ae65fa342a"))
("async-process" .
 (:class qlot/source/git:source-git
  :initargs (:remote-url "https://github.com/lem-project/async-process.git")
  :version "git-3b16b91d417530dac03559980fb5703206e20c55"))
("jsonrpc" .
 (:class qlot/source/git:source-git
  :initargs (:remote-url "https://github.com/cxxxr/jsonrpc.git")
  :version "git-2af1e0fad429ee8c706b86c4a853248cdd1be933"))
("lem" .
 (:class qlot/source/git:source-git
  :initargs (:remote-url "https://github.com/lem-project/lem.git")
  :version "git-33660efb38105d3d4122225989878f437a0ab6a9"))
("ollama" .
 (:class qlot/source/git:source-git
  :initargs (:remote-url "https://github.com/cxxxr/cl-ollama.git")
  :version "git-f82b1c6f46d3979ef81481580deee9e1e700dd85"))
("lem-extension-manager" .
 (:class qlot/source/git:source-git
  :initargs (:remote-url "https://github.com/lem-project/lem-extension-manager.git")
  :version "git-cb19321345d6fd13dc3ca59d4d5b9a6b14cc00b1"))
